
Microsoft Visual Studio Solution File, Format Version 12.00
# Visual Studio Version 17
VisualStudioVersion = 17.0.31903.59
MinimumVisualStudioVersion = 10.0.40219.1
Project("{FAE04EC0-301F-11D3-BF4B-00C04F79EFBC}") = "Uesc.Api", "Uesc.Api\Uesc.Api.csproj", "{64C98A7F-135B-4250-96D0-C9B022650327}"
EndProject
Project("{FAE04EC0-301F-11D3-BF4B-00C04F79EFBC}") = "Uesc.Business", "Uesc.Business\Uesc.Business.csproj", "{D5CD3C53-7C98-4BAE-932F-508E56E63FB4}"
EndProject
Project("{FAE04EC0-301F-11D3-BF4B-00C04F79EFBC}") = "Uesc.Infra", "Uesc.Infra\Uesc.Infra.csproj", "{D87CD1EA-50BD-4413-92FE-16138DD4BEAD}"
EndProject
Global
	GlobalSection(SolutionConfigurationPlatforms) = preSolution
		Debug|Any CPU = Debug|Any CPU
		Release|Any CPU = Release|Any CPU
	EndGlobalSection
	GlobalSection(SolutionProperties) = preSolution
		HideSolutionNode = FALSE
	EndGlobalSection
	GlobalSection(ProjectConfigurationPlatforms) = postSolution
		{64C98A7F-135B-4250-96D0-C9B022650327}.Debug|Any CPU.ActiveCfg = Debug|Any CPU
		{64C98A7F-135B-4250-96D0-C9B022650327}.Debug|Any CPU.Build.0 = Debug|Any CPU
		{64C98A7F-135B-4250-96D0-C9B022650327}.Release|Any CPU.ActiveCfg = Release|Any CPU
		{64C98A7F-135B-4250-96D0-C9B022650327}.Release|Any CPU.Build.0 = Release|Any CPU
		{D5CD3C53-7C98-4BAE-932F-508E56E63FB4}.Debug|Any CPU.ActiveCfg = Debug|Any CPU
		{D5CD3C53-7C98-4BAE-932F-508E56E63FB4}.Debug|Any CPU.Build.0 = Debug|Any CPU
		{D5CD3C53-7C98-4BAE-932F-508E56E63FB4}.Release|Any CPU.ActiveCfg = Release|Any CPU
		{D5CD3C53-7C98-4BAE-932F-508E56E63FB4}.Release|Any CPU.Build.0 = Release|Any CPU
		{D87CD1EA-50BD-4413-92FE-16138DD4BEAD}.Debug|Any CPU.ActiveCfg = Debug|Any CPU
		{D87CD1EA-50BD-4413-92FE-16138DD4BEAD}.Debug|Any CPU.Build.0 = Debug|Any CPU
		{D87CD1EA-50BD-4413-92FE-16138DD4BEAD}.Release|Any CPU.ActiveCfg = Release|Any CPU
		{D87CD1EA-50BD-4413-92FE-16138DD4BEAD}.Release|Any CPU.Build.0 = Release|Any CPU
	EndGlobalSection
EndGlobal
